
Microsoft Visual Studio Solution File, Format Version 12.00
# Visual Studio Version 16
VisualStudioVersion = 16.0.31911.196
MinimumVisualStudioVersion = 10.0.40219.1
Project("{FAE04EC0-301F-11D3-BF4B-00C04F79EFBC}") = "Web", "Web\Web.csproj", "{E41289C2-2BA1-4C99-A873-860D84F28170}"
EndProject
Project("{FAE04EC0-301F-11D3-BF4B-00C04F79EFBC}") = "Core", "Core\Core.csproj", "{B372077F-A272-418E-8A69-46BC30D475EF}"
EndProject
Project("{FAE04EC0-301F-11D3-BF4B-00C04F79EFBC}") = "Infrastructure", "Infrastructure\Infrastructure.csproj", "{EF1BB2AD-5987-495F-B77F-11A5B7BD0936}"
EndProject
Global
	GlobalSection(SolutionConfigurationPlatforms) = preSolution
		Debug|Any CPU = Debug|Any CPU
		Release|Any CPU = Release|Any CPU
	EndGlobalSection
	GlobalSection(ProjectConfigurationPlatforms) = postSolution
		{E41289C2-2BA1-4C99-A873-860D84F28170}.Debug|Any CPU.ActiveCfg = Debug|Any CPU
		{E41289C2-2BA1-4C99-A873-860D84F28170}.Debug|Any CPU.Build.0 = Debug|Any CPU
		{E41289C2-2BA1-4C99-A873-860D84F28170}.Release|Any CPU.ActiveCfg = Release|Any CPU
		{E41289C2-2BA1-4C99-A873-860D84F28170}.Release|Any CPU.Build.0 = Release|Any CPU
		{B372077F-A272-418E-8A69-46BC30D475EF}.Debug|Any CPU.ActiveCfg = Debug|Any CPU
		{B372077F-A272-418E-8A69-46BC30D475EF}.Debug|Any CPU.Build.0 = Debug|Any CPU
		{B372077F-A272-418E-8A69-46BC30D475EF}.Release|Any CPU.ActiveCfg = Release|Any CPU
		{B372077F-A272-418E-8A69-46BC30D475EF}.Release|Any CPU.Build.0 = Release|Any CPU
		{EF1BB2AD-5987-495F-B77F-11A5B7BD0936}.Debug|Any CPU.ActiveCfg = Debug|Any CPU
		{EF1BB2AD-5987-495F-B77F-11A5B7BD0936}.Debug|Any CPU.Build.0 = Debug|Any CPU
		{EF1BB2AD-5987-495F-B77F-11A5B7BD0936}.Release|Any CPU.ActiveCfg = Release|Any CPU
		{EF1BB2AD-5987-495F-B77F-11A5B7BD0936}.Release|Any CPU.Build.0 = Release|Any CPU
	EndGlobalSection
	GlobalSection(SolutionProperties) = preSolution
		HideSolutionNode = FALSE
	EndGlobalSection
	GlobalSection(ExtensibilityGlobals) = postSolution
		SolutionGuid = {C13C0966-C698-4BF7-A1AD-3E5F27ABD020}
	EndGlobalSection
EndGlobal
